
Microsoft Visual Studio Solution File, Format Version 12.00
# Visual Studio Version 17
VisualStudioVersion = 17.7.34031.279
MinimumVisualStudioVersion = 10.0.40219.1
Project("{FAE04EC0-301F-11D3-BF4B-00C04F79EFBC}") = "PruebaExamenAPI", "PruebaExamenAPI\PruebaExamenAPI.csproj", "{1654E970-279E-4AAA-84D4-FCEF5FD86EEB}"
EndProject
Global
	GlobalSection(SolutionConfigurationPlatforms) = preSolution
		Debug|Any CPU = Debug|Any CPU
		Release|Any CPU = Release|Any CPU
	EndGlobalSection
	GlobalSection(ProjectConfigurationPlatforms) = postSolution
		{1654E970-279E-4AAA-84D4-FCEF5FD86EEB}.Debug|Any CPU.ActiveCfg = Debug|Any CPU
		{1654E970-279E-4AAA-84D4-FCEF5FD86EEB}.Debug|Any CPU.Build.0 = Debug|Any CPU
		{1654E970-279E-4AAA-84D4-FCEF5FD86EEB}.Release|Any CPU.ActiveCfg = Release|Any CPU
		{1654E970-279E-4AAA-84D4-FCEF5FD86EEB}.Release|Any CPU.Build.0 = Release|Any CPU
	EndGlobalSection
	GlobalSection(SolutionProperties) = preSolution
		HideSolutionNode = FALSE
	EndGlobalSection
	GlobalSection(ExtensibilityGlobals) = postSolution
		SolutionGuid = {0A44444F-8BC6-46DA-9106-38D7D9C7F72B}
	EndGlobalSection
EndGlobal
